// !$*UTF8*$!
{
	archiveVersion = 1;
	classes = {
	};
	objectVersion = 46;
	objects = {

/* Begin PBXBuildFile section */
		5CC814F51E32C80000198093 /* AppDelegate.swift in Sources */ = {isa = PBXBuildFile; fileRef = 5CC814F41E32C80000198093 /* AppDelegate.swift */; };
		5CC814F71E32C80000198093 /* ViewController.swift in Sources */ = {isa = PBXBuildFile; fileRef = 5CC814F61E32C80000198093 /* ViewController.swift */; };
		5CC814FA1E32C80000198093 /* Main.storyboard in Resources */ = {isa = PBXBuildFile; fileRef = 5CC814F81E32C80000198093 /* Main.storyboard */; };
		5CC814FC1E32C80000198093 /* Assets.xcassets in Resources */ = {isa = PBXBuildFile; fileRef = 5CC814FB1E32C80000198093 /* Assets.xcassets */; };
		5CC814FF1E32C80000198093 /* LaunchScreen.storyboard in Resources */ = {isa = PBXBuildFile; fileRef = 5CC814FD1E32C80000198093 /* LaunchScreen.storyboard */; };
		5CC8150A1E32C80000198093 /* sample_merchant_swiftTests.swift in Sources */ = {isa = PBXBuildFile; fileRef = 5CC815091E32C80000198093 /* sample_merchant_swiftTests.swift */; };
		5CC815151E32C80000198093 /* sample_merchant_swiftUITests.swift in Sources */ = {isa = PBXBuildFile; fileRef = 5CC815141E32C80000198093 /* sample_merchant_swiftUITests.swift */; };
		5CC815271E32D3DC00198093 /* main.swift in Sources */ = {isa = PBXBuildFile; fileRef = 5CC815261E32D3DC00198093 /* main.swift */; };
		5CC8152B1E32D4CA00198093 /* NativeCheckout.framework in Frameworks */ = {isa = PBXBuildFile; fileRef = 5CC815231E32CF0000198093 /* NativeCheckout.framework */; settings = {ATTRIBUTES = (Required, ); }; };
		5CC8152C1E32D4CA00198093 /* NativeCheckout.framework in Embed Frameworks */ = {isa = PBXBuildFile; fileRef = 5CC815231E32CF0000198093 /* NativeCheckout.framework */; settings = {ATTRIBUTES = (CodeSignOnCopy, RemoveHeadersOnCopy, ); }; };
		5CC8152F1E32D64D00198093 /* Default-568h@2x.png in Resources */ = {isa = PBXBuildFile; fileRef = 5CC8152E1E32D64D00198093 /* Default-568h@2x.png */; };
/* End PBXBuildFile section */

/* Begin PBXContainerItemProxy section */
		5CC815061E32C80000198093 /* PBXContainerItemProxy */ = {
			isa = PBXContainerItemProxy;
			containerPortal = 5CC814E91E32C7FF00198093 /* Project object */;
			proxyType = 1;
			remoteGlobalIDString = 5CC814F01E32C7FF00198093;
			remoteInfo = "sample-merchant-swift";
		};
		5CC815111E32C80000198093 /* PBXContainerItemProxy */ = {
			isa = PBXContainerItemProxy;
			containerPortal = 5CC814E91E32C7FF00198093 /* Project object */;
			proxyType = 1;
			remoteGlobalIDString = 5CC814F01E32C7FF00198093;
			remoteInfo = "sample-merchant-swift";
		};
/* End PBXContainerItemProxy section */

/* Begin PBXCopyFilesBuildPhase section */
		5CC8152D1E32D4CA00198093 /* Embed Frameworks */ = {
			isa = PBXCopyFilesBuildPhase;
			buildActionMask = 2147483647;
			dstPath = "";
			dstSubfolderSpec = 10;
			files = (
				5CC8152C1E32D4CA00198093 /* NativeCheckout.framework in Embed Frameworks */,
			);
			name = "Embed Frameworks";
			runOnlyForDeploymentPostprocessing = 0;
		};
/* End PBXCopyFilesBuildPhase section */

/* Begin PBXFileReference section */
		5CC814F11E32C80000198093 /* sample-merchant-swift.app */ = {isa = PBXFileReference; explicitFileType = wrapper.application; includeInIndex = 0; path = "sample-merchant-swift.app"; sourceTree = BUILT_PRODUCTS_DIR; };
		5CC814F41E32C80000198093 /* AppDelegate.swift */ = {isa = PBXFileReference; lastKnownFileType = sourcecode.swift; path = AppDelegate.swift; sourceTree = "<group>"; };
		5CC814F61E32C80000198093 /* ViewController.swift */ = {isa = PBXFileReference; lastKnownFileType = sourcecode.swift; path = ViewController.swift; sourceTree = "<group>"; };
		5CC814F91E32C80000198093 /* Base */ = {isa = PBXFileReference; lastKnownFileType = file.storyboard; name = Base; path = Base.lproj/Main.storyboard; sourceTree = "<group>"; };
		5CC814FB1E32C80000198093 /* Assets.xcassets */ = {isa = PBXFileReference; lastKnownFileType = folder.assetcatalog; path = Assets.xcassets; sourceTree = "<group>"; };
		5CC814FE1E32C80000198093 /* Base */ = {isa = PBXFileReference; lastKnownFileType = file.storyboard; name = Base; path = Base.lproj/LaunchScreen.storyboard; sourceTree = "<group>"; };
		5CC815001E32C80000198093 /* Info.plist */ = {isa = PBXFileReference; lastKnownFileType = text.plist.xml; path = Info.plist; sourceTree = "<group>"; };
		5CC815051E32C80000198093 /* sample-merchant-swiftTests.xctest */ = {isa = PBXFileReference; explicitFileType = wrapper.cfbundle; includeInIndex = 0; path = "sample-merchant-swiftTests.xctest"; sourceTree = BUILT_PRODUCTS_DIR; };
		5CC815091E32C80000198093 /* sample_merchant_swiftTests.swift */ = {isa = PBXFileReference; lastKnownFileType = sourcecode.swift; path = sample_merchant_swiftTests.swift; sourceTree = "<group>"; };
		5CC8150B1E32C80000198093 /* Info.plist */ = {isa = PBXFileReference; lastKnownFileType = text.plist.xml; path = Info.plist; sourceTree = "<group>"; };
		5CC815101E32C80000198093 /* sample-merchant-swiftUITests.xctest */ = {isa = PBXFileReference; explicitFileType = wrapper.cfbundle; includeInIndex = 0; path = "sample-merchant-swiftUITests.xctest"; sourceTree = BUILT_PRODUCTS_DIR; };
		5CC815141E32C80000198093 /* sample_merchant_swiftUITests.swift */ = {isa = PBXFileReference; lastKnownFileType = sourcecode.swift; path = sample_merchant_swiftUITests.swift; sourceTree = "<group>"; };
		5CC815161E32C80000198093 /* Info.plist */ = {isa = PBXFileReference; lastKnownFileType = text.plist.xml; path = Info.plist; sourceTree = "<group>"; };
		5CC815231E32CF0000198093 /* NativeCheckout.framework */ = {isa = PBXFileReference; lastKnownFileType = wrapper.framework; path = NativeCheckout.framework; sourceTree = "<group>"; };
		5CC815261E32D3DC00198093 /* main.swift */ = {isa = PBXFileReference; fileEncoding = 4; lastKnownFileType = sourcecode.swift; path = main.swift; sourceTree = "<group>"; };
		5CC8152E1E32D64D00198093 /* Default-568h@2x.png */ = {isa = PBXFileReference; lastKnownFileType = image.png; path = "Default-568h@2x.png"; sourceTree = "<group>"; };
		5CC815381E3683D400198093 /* PYPLCheckoutBridge.h */ = {isa = PBXFileReference; fileEncoding = 4; lastKnownFileType = sourcecode.c.h; path = PYPLCheckoutBridge.h; sourceTree = "<group>"; };
/* End PBXFileReference section */

/* Begin PBXFrameworksBuildPhase section */
		5CC814EE1E32C7FF00198093 /* Frameworks */ = {
			isa = PBXFrameworksBuildPhase;
			buildActionMask = 2147483647;
			files = (
				5CC8152B1E32D4CA00198093 /* NativeCheckout.framework in Frameworks */,
			);
			runOnlyForDeploymentPostprocessing = 0;
		};
		5CC815021E32C80000198093 /* Frameworks */ = {
			isa = PBXFrameworksBuildPhase;
			buildActionMask = 2147483647;
			files = (
			);
			runOnlyForDeploymentPostprocessing = 0;
		};
		5CC8150D1E32C80000198093 /* Frameworks */ = {
			isa = PBXFrameworksBuildPhase;
			buildActionMask = 2147483647;
			files = (
			);
			runOnlyForDeploymentPostprocessing = 0;
		};
/* End PBXFrameworksBuildPhase section */

/* Begin PBXGroup section */
		5CC814E81E32C7FF00198093 = {
			isa = PBXGroup;
			children = (
				5CC8152E1E32D64D00198093 /* Default-568h@2x.png */,
				5CC814F31E32C80000198093 /* sample-merchant-swift */,
				5CC815081E32C80000198093 /* sample-merchant-swiftTests */,
				5CC815131E32C80000198093 /* sample-merchant-swiftUITests */,
				5CC814F21E32C80000198093 /* Products */,
				5CC815221E32CF0000198093 /* Frameworks */,
			);
			sourceTree = "<group>";
		};
		5CC814F21E32C80000198093 /* Products */ = {
			isa = PBXGroup;
			children = (
				5CC814F11E32C80000198093 /* sample-merchant-swift.app */,
				5CC815051E32C80000198093 /* sample-merchant-swiftTests.xctest */,
				5CC815101E32C80000198093 /* sample-merchant-swiftUITests.xctest */,
			);
			name = Products;
			sourceTree = "<group>";
		};
		5CC814F31E32C80000198093 /* sample-merchant-swift */ = {
			isa = PBXGroup;
			children = (
				5CC815381E3683D400198093 /* PYPLCheckoutBridge.h */,
				5CC814F41E32C80000198093 /* AppDelegate.swift */,
				5CC814F61E32C80000198093 /* ViewController.swift */,
				5CC814F81E32C80000198093 /* Main.storyboard */,
				5CC814FB1E32C80000198093 /* Assets.xcassets */,
				5CC814FD1E32C80000198093 /* LaunchScreen.storyboard */,
				5CC815001E32C80000198093 /* Info.plist */,
				5CC815261E32D3DC00198093 /* main.swift */,
			);
			path = "sample-merchant-swift";
			sourceTree = "<group>";
		};
		5CC815081E32C80000198093 /* sample-merchant-swiftTests */ = {
			isa = PBXGroup;
			children = (
				5CC815091E32C80000198093 /* sample_merchant_swiftTests.swift */,
				5CC8150B1E32C80000198093 /* Info.plist */,
			);
			path = "sample-merchant-swiftTests";
			sourceTree = "<group>";
		};
		5CC815131E32C80000198093 /* sample-merchant-swiftUITests */ = {
			isa = PBXGroup;
			children = (
				5CC815141E32C80000198093 /* sample_merchant_swiftUITests.swift */,
				5CC815161E32C80000198093 /* Info.plist */,
			);
			path = "sample-merchant-swiftUITests";
			sourceTree = "<group>";
		};
		5CC815221E32CF0000198093 /* Frameworks */ = {
			isa = PBXGroup;
			children = (
				5CC815231E32CF0000198093 /* NativeCheckout.framework */,
			);
			name = Frameworks;
			sourceTree = "<group>";
		};
/* End PBXGroup section */

/* Begin PBXNativeTarget section */
		5CC814F01E32C7FF00198093 /* sample-merchant-swift */ = {
			isa = PBXNativeTarget;
			buildConfigurationList = 5CC815191E32C80000198093 /* Build configuration list for PBXNativeTarget "sample-merchant-swift" */;
			buildPhases = (
				5CC814ED1E32C7FF00198093 /* Sources */,
				5CC814EE1E32C7FF00198093 /* Frameworks */,
				5CC814EF1E32C7FF00198093 /* Resources */,
				5CC8152D1E32D4CA00198093 /* Embed Frameworks */,
			);
			buildRules = (
			);
			dependencies = (
			);
			name = "sample-merchant-swift";
			productName = "sample-merchant-swift";
			productReference = 5CC814F11E32C80000198093 /* sample-merchant-swift.app */;
			productType = "com.apple.product-type.application";
		};
		5CC815041E32C80000198093 /* sample-merchant-swiftTests */ = {
			isa = PBXNativeTarget;
			buildConfigurationList = 5CC8151C1E32C80000198093 /* Build configuration list for PBXNativeTarget "sample-merchant-swiftTests" */;
			buildPhases = (
				5CC815011E32C80000198093 /* Sources */,
				5CC815021E32C80000198093 /* Frameworks */,
				5CC815031E32C80000198093 /* Resources */,
			);
			buildRules = (
			);
			dependencies = (
				5CC815071E32C80000198093 /* PBXTargetDependency */,
			);
			name = "sample-merchant-swiftTests";
			productName = "sample-merchant-swiftTests";
			productReference = 5CC815051E32C80000198093 /* sample-merchant-swiftTests.xctest */;
			productType = "com.apple.product-type.bundle.unit-test";
		};
		5CC8150F1E32C80000198093 /* sample-merchant-swiftUITests */ = {
			isa = PBXNativeTarget;
			buildConfigurationList = 5CC8151F1E32C80000198093 /* Build configuration list for PBXNativeTarget "sample-merchant-swiftUITests" */;
			buildPhases = (
				5CC8150C1E32C80000198093 /* Sources */,
				5CC8150D1E32C80000198093 /* Frameworks */,
				5CC8150E1E32C80000198093 /* Resources */,
			);
			buildRules = (
			);
			dependencies = (
				5CC815121E32C80000198093 /* PBXTargetDependency */,
			);
			name = "sample-merchant-swiftUITests";
			productName = "sample-merchant-swiftUITests";
			productReference = 5CC815101E32C80000198093 /* sample-merchant-swiftUITests.xctest */;
			productType = "com.apple.product-type.bundle.ui-testing";
		};
/* End PBXNativeTarget section */

/* Begin PBXProject section */
		5CC814E91E32C7FF00198093 /* Project object */ = {
			isa = PBXProject;
			attributes = {
				LastSwiftUpdateCheck = 0820;
				LastUpgradeCheck = 0820;
				ORGANIZATIONNAME = "Venkatakrishnan,Poornima";
				TargetAttributes = {
					5CC814F01E32C7FF00198093 = {
						CreatedOnToolsVersion = 8.2.1;
						DevelopmentTeam = 4279D5HCP4;
						ProvisioningStyle = Automatic;
					};
					5CC815041E32C80000198093 = {
						CreatedOnToolsVersion = 8.2.1;
						ProvisioningStyle = Automatic;
						TestTargetID = 5CC814F01E32C7FF00198093;
					};
					5CC8150F1E32C80000198093 = {
						CreatedOnToolsVersion = 8.2.1;
						ProvisioningStyle = Automatic;
						TestTargetID = 5CC814F01E32C7FF00198093;
					};
				};
			};
			buildConfigurationList = 5CC814EC1E32C7FF00198093 /* Build configuration list for PBXProject "sample-merchant-swift" */;
			compatibilityVersion = "Xcode 3.2";
			developmentRegion = English;
			hasScannedForEncodings = 0;
			knownRegions = (
				en,
				Base,
			);
			mainGroup = 5CC814E81E32C7FF00198093;
			productRefGroup = 5CC814F21E32C80000198093 /* Products */;
			projectDirPath = "";
			projectRoot = "";
			targets = (
				5CC814F01E32C7FF00198093 /* sample-merchant-swift */,
				5CC815041E32C80000198093 /* sample-merchant-swiftTests */,
				5CC8150F1E32C80000198093 /* sample-merchant-swiftUITests */,
			);
		};
/* End PBXProject section */

/* Begin PBXResourcesBuildPhase section */
		5CC814EF1E32C7FF00198093 /* Resources */ = {
			isa = PBXResourcesBuildPhase;
			buildActionMask = 2147483647;
			files = (
				5CC814FF1E32C80000198093 /* LaunchScreen.storyboard in Resources */,
				5CC8152F1E32D64D00198093 /* Default-568h@2x.png in Resources */,
				5CC814FC1E32C80000198093 /* Assets.xcassets in Resources */,
				5CC814FA1E32C80000198093 /* Main.storyboard in Resources */,
			);
			runOnlyForDeploymentPostprocessing = 0;
		};
		5CC815031E32C80000198093 /* Resources */ = {
			isa = PBXResourcesBuildPhase;
			buildActionMask = 2147483647;
			files = (
			);
			runOnlyForDeploymentPostprocessing = 0;
		};
		5CC8150E1E32C80000198093 /* Resources */ = {
			isa = PBXResourcesBuildPhase;
			buildActionMask = 2147483647;
			files = (
			);
			runOnlyForDeploymentPostprocessing = 0;
		};
/* End PBXResourcesBuildPhase section */

/* Begin PBXSourcesBuildPhase section */
		5CC814ED1E32C7FF00198093 /* Sources */ = {
			isa = PBXSourcesBuildPhase;
			buildActionMask = 2147483647;
			files = (
				5CC814F71E32C80000198093 /* ViewController.swift in Sources */,
				5CC814F51E32C80000198093 /* AppDelegate.swift in Sources */,
				5CC815271E32D3DC00198093 /* main.swift in Sources */,
			);
			runOnlyForDeploymentPostprocessing = 0;
		};
		5CC815011E32C80000198093 /* Sources */ = {
			isa = PBXSourcesBuildPhase;
			buildActionMask = 2147483647;
			files = (
				5CC8150A1E32C80000198093 /* sample_merchant_swiftTests.swift in Sources */,
			);
			runOnlyForDeploymentPostprocessing = 0;
		};
		5CC8150C1E32C80000198093 /* Sources */ = {
			isa = PBXSourcesBuildPhase;
			buildActionMask = 2147483647;
			files = (
				5CC815151E32C80000198093 /* sample_merchant_swiftUITests.swift in Sources */,
			);
			runOnlyForDeploymentPostprocessing = 0;
		};
/* End PBXSourcesBuildPhase section */

/* Begin PBXTargetDependency section */
		5CC815071E32C80000198093 /* PBXTargetDependency */ = {
			isa = PBXTargetDependency;
			target = 5CC814F01E32C7FF00198093 /* sample-merchant-swift */;
			targetProxy = 5CC815061E32C80000198093 /* PBXContainerItemProxy */;
		};
		5CC815121E32C80000198093 /* PBXTargetDependency */ = {
			isa = PBXTargetDependency;
			target = 5CC814F01E32C7FF00198093 /* sample-merchant-swift */;
			targetProxy = 5CC815111E32C80000198093 /* PBXContainerItemProxy */;
		};
/* End PBXTargetDependency section */

/* Begin PBXVariantGroup section */
		5CC814F81E32C80000198093 /* Main.storyboard */ = {
			isa = PBXVariantGroup;
			children = (
				5CC814F91E32C80000198093 /* Base */,
			);
			name = Main.storyboard;
			sourceTree = "<group>";
		};
		5CC814FD1E32C80000198093 /* LaunchScreen.storyboard */ = {
			isa = PBXVariantGroup;
			children = (
				5CC814FE1E32C80000198093 /* Base */,
			);
			name = LaunchScreen.storyboard;
			sourceTree = "<group>";
		};
/* End PBXVariantGroup section */

/* Begin XCBuildConfiguration section */
		5CC815171E32C80000198093 /* Debug */ = {
			isa = XCBuildConfiguration;
			buildSettings = {
				ALWAYS_SEARCH_USER_PATHS = NO;
				CLANG_ANALYZER_NONNULL = YES;
				CLANG_CXX_LANGUAGE_STANDARD = "gnu++0x";
				CLANG_CXX_LIBRARY = "libc++";
				CLANG_ENABLE_MODULES = YES;
				CLANG_ENABLE_OBJC_ARC = YES;
				CLANG_WARN_BOOL_CONVERSION = YES;
				CLANG_WARN_CONSTANT_CONVERSION = YES;
				CLANG_WARN_DIRECT_OBJC_ISA_USAGE = YES_ERROR;
				CLANG_WARN_DOCUMENTATION_COMMENTS = YES;
				CLANG_WARN_EMPTY_BODY = YES;
				CLANG_WARN_ENUM_CONVERSION = YES;
				CLANG_WARN_INFINITE_RECURSION = YES;
				CLANG_WARN_INT_CONVERSION = YES;
				CLANG_WARN_OBJC_ROOT_CLASS = YES_ERROR;
				CLANG_WARN_SUSPICIOUS_MOVE = YES;
				CLANG_WARN_UNREACHABLE_CODE = YES;
				CLANG_WARN__DUPLICATE_METHOD_MATCH = YES;
				"CODE_SIGN_IDENTITY[sdk=iphoneos*]" = "iPhone Developer";
				COPY_PHASE_STRIP = NO;
				DEBUG_INFORMATION_FORMAT = dwarf;
				ENABLE_STRICT_OBJC_MSGSEND = YES;
				ENABLE_TESTABILITY = YES;
				GCC_C_LANGUAGE_STANDARD = gnu99;
				GCC_DYNAMIC_NO_PIC = NO;
				GCC_NO_COMMON_BLOCKS = YES;
				GCC_OPTIMIZATION_LEVEL = 0;
				GCC_PREPROCESSOR_DEFINITIONS = (
					"DEBUG=1",
					"$(inherited)",
				);
				GCC_WARN_64_TO_32_BIT_CONVERSION = YES;
				GCC_WARN_ABOUT_RETURN_TYPE = YES_ERROR;
				GCC_WARN_UNDECLARED_SELECTOR = YES;
				GCC_WARN_UNINITIALIZED_AUTOS = YES_AGGRESSIVE;
				GCC_WARN_UNUSED_FUNCTION = YES;
				GCC_WARN_UNUSED_VARIABLE = YES;
				IPHONEOS_DEPLOYMENT_TARGET = 10.2;
				MTL_ENABLE_DEBUG_INFO = YES;
				ONLY_ACTIVE_ARCH = YES;
				SDKROOT = iphoneos;
				SWIFT_ACTIVE_COMPILATION_CONDITIONS = DEBUG;
				SWIFT_OPTIMIZATION_LEVEL = "-Onone";
				TARGETED_DEVICE_FAMILY = "1,2";
			};
			name = Debug;
		};
		5CC815181E32C80000198093 /* Release */ = {
			isa = XCBuildConfiguration;
			buildSettings = {
				ALWAYS_SEARCH_USER_PATHS = NO;
				CLANG_ANALYZER_NONNULL = YES;
				CLANG_CXX_LANGUAGE_STANDARD = "gnu++0x";
				CLANG_CXX_LIBRARY = "libc++";
				CLANG_ENABLE_MODULES = YES;
				CLANG_ENABLE_OBJC_ARC = YES;
				CLANG_WARN_BOOL_CONVERSION = YES;
				CLANG_WARN_CONSTANT_CONVERSION = YES;
				CLANG_WARN_DIRECT_OBJC_ISA_USAGE = YES_ERROR;
				CLANG_WARN_DOCUMENTATION_COMMENTS = YES;
				CLANG_WARN_EMPTY_BODY = YES;
				CLANG_WARN_ENUM_CONVERSION = YES;
				CLANG_WARN_INFINITE_RECURSION = YES;
				CLANG_WARN_INT_CONVERSION = YES;
				CLANG_WARN_OBJC_ROOT_CLASS = YES_ERROR;
				CLANG_WARN_SUSPICIOUS_MOVE = YES;
				CLANG_WARN_UNREACHABLE_CODE = YES;
				CLANG_WARN__DUPLICATE_METHOD_MATCH = YES;
				"CODE_SIGN_IDENTITY[sdk=iphoneos*]" = "iPhone Developer";
				COPY_PHASE_STRIP = NO;
				DEBUG_INFORMATION_FORMAT = "dwarf-with-dsym";
				ENABLE_NS_ASSERTIONS = NO;
				ENABLE_STRICT_OBJC_MSGSEND = YES;
				GCC_C_LANGUAGE_STANDARD = gnu99;
				GCC_NO_COMMON_BLOCKS = YES;
				GCC_WARN_64_TO_32_BIT_CONVERSION = YES;
				GCC_WARN_ABOUT_RETURN_TYPE = YES_ERROR;
				GCC_WARN_UNDECLARED_SELECTOR = YES;
				GCC_WARN_UNINITIALIZED_AUTOS = YES_AGGRESSIVE;
				GCC_WARN_UNUSED_FUNCTION = YES;
				GCC_WARN_UNUSED_VARIABLE = YES;
				IPHONEOS_DEPLOYMENT_TARGET = 10.2;
				MTL_ENABLE_DEBUG_INFO = NO;
				SDKROOT = iphoneos;
				SWIFT_OPTIMIZATION_LEVEL = "-Owholemodule";
				TARGETED_DEVICE_FAMILY = "1,2";
				VALIDATE_PRODUCT = YES;
			};
			name = Release;
		};
		5CC8151A1E32C80000198093 /* Debug */ = {
			isa = XCBuildConfiguration;
			buildSettings = {
				ASSETCATALOG_COMPILER_APPICON_NAME = AppIcon;
				DEVELOPMENT_TEAM = 4279D5HCP4;
				FRAMEWORK_SEARCH_PATHS = (
					"$(inherited)",
					"$(PROJECT_DIR)",
				);
				"HEADER_SEARCH_PATHS[arch=*]" = "$(PROJECT_DIR)/NativeCheckout.framework/Headers";
				INFOPLIST_FILE = "sample-merchant-swift/Info.plist";
				LD_RUNPATH_SEARCH_PATHS = "$(inherited) @executable_path/Frameworks";
				PRODUCT_BUNDLE_IDENTIFIER = "Paypal-Inc.sample-merchant-swift";
				PRODUCT_NAME = "$(TARGET_NAME)";
				"SWIFT_OBJC_BRIDGING_HEADER[arch=*]" = "sample-merchant-swift/PYPLCheckoutBridge.h";
				SWIFT_VERSION = 3.0;
				VALID_ARCHS = "armv7 armv7s arm64";
			};
			name = Debug;
		};
		5CC8151B1E32C80000198093 /* Release */ = {
			isa = XCBuildConfiguration;
			buildSettings = {
				ASSETCATALOG_COMPILER_APPICON_NAME = AppIcon;
				DEVELOPMENT_TEAM = 4279D5HCP4;
				FRAMEWORK_SEARCH_PATHS = (
					"$(inherited)",
					"$(PROJECT_DIR)",
				);
				"HEADER_SEARCH_PATHS[arch=*]" = "$(PROJECT_DIR)/NativeCheckout.framework/Headers";
				INFOPLIST_FILE = "sample-merchant-swift/Info.plist";
				LD_RUNPATH_SEARCH_PATHS = "$(inherited) @executable_path/Frameworks";
				PRODUCT_BUNDLE_IDENTIFIER = "Paypal-Inc.sample-merchant-swift";
				PRODUCT_NAME = "$(TARGET_NAME)";
				SWIFT_OBJC_BRIDGING_HEADER = "";
				"SWIFT_OBJC_BRIDGING_HEADER[arch=*]" = "sample-merchant-swift/PYPLCheckoutBridge.h";
				SWIFT_VERSION = 3.0;
				VALID_ARCHS = "armv7 armv7s arm64";
			};
			name = Release;
		};
		5CC8151D1E32C80000198093 /* Debug */ = {
			isa = XCBuildConfiguration;
			buildSettings = {
				ALWAYS_EMBED_SWIFT_STANDARD_LIBRARIES = YES;
				BUNDLE_LOADER = "$(TEST_HOST)";
				INFOPLIST_FILE = "sample-merchant-swiftTests/Info.plist";
				LD_RUNPATH_SEARCH_PATHS = "$(inherited) @executable_path/Frameworks @loader_path/Frameworks";
				PRODUCT_BUNDLE_IDENTIFIER = "Paypal-Inc.sample-merchant-swiftTests";
				PRODUCT_NAME = "$(TARGET_NAME)";
				SWIFT_VERSION = 3.0;
				TEST_HOST = "$(BUILT_PRODUCTS_DIR)/sample-merchant-swift.app/sample-merchant-swift";
			};
			name = Debug;
		};
		5CC8151E1E32C80000198093 /* Release */ = {
			isa = XCBuildConfiguration;
			buildSettings = {
				ALWAYS_EMBED_SWIFT_STANDARD_LIBRARIES = YES;
				BUNDLE_LOADER = "$(TEST_HOST)";
				INFOPLIST_FILE = "sample-merchant-swiftTests/Info.plist";
				LD_RUNPATH_SEARCH_PATHS = "$(inherited) @executable_path/Frameworks @loader_path/Frameworks";
				PRODUCT_BUNDLE_IDENTIFIER = "Paypal-Inc.sample-merchant-swiftTests";
				PRODUCT_NAME = "$(TARGET_NAME)";
				SWIFT_VERSION = 3.0;
				TEST_HOST = "$(BUILT_PRODUCTS_DIR)/sample-merchant-swift.app/sample-merchant-swift";
			};
			name = Release;
		};
		5CC815201E32C80000198093 /* Debug */ = {
			isa = XCBuildConfiguration;
			buildSettings = {
				ALWAYS_EMBED_SWIFT_STANDARD_LIBRARIES = YES;
				INFOPLIST_FILE = "sample-merchant-swiftUITests/Info.plist";
				LD_RUNPATH_SEARCH_PATHS = "$(inherited) @executable_path/Frameworks @loader_path/Frameworks";
				PRODUCT_BUNDLE_IDENTIFIER = "Paypal-Inc.sample-merchant-swiftUITests";
				PRODUCT_NAME = "$(TARGET_NAME)";
				SWIFT_VERSION = 3.0;
				TEST_TARGET_NAME = "sample-merchant-swift";
			};
			name = Debug;
		};
		5CC815211E32C80000198093 /* Release */ = {
			isa = XCBuildConfiguration;
			buildSettings = {
				ALWAYS_EMBED_SWIFT_STANDARD_LIBRARIES = YES;
				INFOPLIST_FILE = "sample-merchant-swiftUITests/Info.plist";
				LD_RUNPATH_SEARCH_PATHS = "$(inherited) @executable_path/Frameworks @loader_path/Frameworks";
				PRODUCT_BUNDLE_IDENTIFIER = "Paypal-Inc.sample-merchant-swiftUITests";
				PRODUCT_NAME = "$(TARGET_NAME)";
				SWIFT_VERSION = 3.0;
				TEST_TARGET_NAME = "sample-merchant-swift";
			};
			name = Release;
		};
/* End XCBuildConfiguration section */

/* Begin XCConfigurationList section */
		5CC814EC1E32C7FF00198093 /* Build configuration list for PBXProject "sample-merchant-swift" */ = {
			isa = XCConfigurationList;
			buildConfigurations = (
				5CC815171E32C80000198093 /* Debug */,
				5CC815181E32C80000198093 /* Release */,
			);
			defaultConfigurationIsVisible = 0;
			defaultConfigurationName = Release;
		};
		5CC815191E32C80000198093 /* Build configuration list for PBXNativeTarget "sample-merchant-swift" */ = {
			isa = XCConfigurationList;
			buildConfigurations = (
				5CC8151A1E32C80000198093 /* Debug */,
				5CC8151B1E32C80000198093 /* Release */,
			);
			defaultConfigurationIsVisible = 0;
		};
		5CC8151C1E32C80000198093 /* Build configuration list for PBXNativeTarget "sample-merchant-swiftTests" */ = {
			isa = XCConfigurationList;
			buildConfigurations = (
				5CC8151D1E32C80000198093 /* Debug */,
				5CC8151E1E32C80000198093 /* Release */,
			);
			defaultConfigurationIsVisible = 0;
		};
		5CC8151F1E32C80000198093 /* Build configuration list for PBXNativeTarget "sample-merchant-swiftUITests" */ = {
			isa = XCConfigurationList;
			buildConfigurations = (
				5CC815201E32C80000198093 /* Debug */,
				5CC815211E32C80000198093 /* Release */,
			);
			defaultConfigurationIsVisible = 0;
		};
/* End XCConfigurationList section */
	};
	rootObject = 5CC814E91E32C7FF00198093 /* Project object */;
}
